
Microsoft Visual Studio Solution File, Format Version 12.00
# Visual Studio Version 17
VisualStudioVersion = 17.1.32319.34
MinimumVisualStudioVersion = 10.0.40219.1
Project("{FAE04EC0-301F-11D3-BF4B-00C04F79EFBC}") = "WebNewsApp.DAL", "WebNewsApp.DAL\WebNewsApp.DAL.csproj", "{7234FCD7-6097-4773-9E88-6DFF15A82FA7}"
EndProject
Project("{FAE04EC0-301F-11D3-BF4B-00C04F79EFBC}") = "Test", "Test\Test.csproj", "{DB350DEE-5DA8-405F-9E05-6957B150C6FB}"
EndProject
Project("{FAE04EC0-301F-11D3-BF4B-00C04F79EFBC}") = "WebNewsApp.BLL", "WebNewsApp.BLL\WebNewsApp.BLL.csproj", "{703EE08F-A70F-475A-B10E-EC6E16D8EB71}"
EndProject
Project("{FAE04EC0-301F-11D3-BF4B-00C04F79EFBC}") = "WebNewsApp.PL", "WebNewsApp\WebNewsApp.PL.csproj", "{3F82CF10-EF6E-4549-84E2-C72E68FAFC08}"
EndProject
Project("{FAE04EC0-301F-11D3-BF4B-00C04F79EFBC}") = "WebNewsAppDal.Tests", "WebNewsAppDal.Tests\WebNewsAppDal.Tests.csproj", "{26FC7BAA-0322-43EC-B05D-0D15E88A400F}"
EndProject
Global
	GlobalSection(SolutionConfigurationPlatforms) = preSolution
		Debug|Any CPU = Debug|Any CPU
		Release|Any CPU = Release|Any CPU
	EndGlobalSection
	GlobalSection(ProjectConfigurationPlatforms) = postSolution
		{7234FCD7-6097-4773-9E88-6DFF15A82FA7}.Debug|Any CPU.ActiveCfg = Debug|Any CPU
		{7234FCD7-6097-4773-9E88-6DFF15A82FA7}.Debug|Any CPU.Build.0 = Debug|Any CPU
		{7234FCD7-6097-4773-9E88-6DFF15A82FA7}.Release|Any CPU.ActiveCfg = Release|Any CPU
		{7234FCD7-6097-4773-9E88-6DFF15A82FA7}.Release|Any CPU.Build.0 = Release|Any CPU
		{DB350DEE-5DA8-405F-9E05-6957B150C6FB}.Debug|Any CPU.ActiveCfg = Debug|Any CPU
		{DB350DEE-5DA8-405F-9E05-6957B150C6FB}.Debug|Any CPU.Build.0 = Debug|Any CPU
		{DB350DEE-5DA8-405F-9E05-6957B150C6FB}.Release|Any CPU.ActiveCfg = Release|Any CPU
		{DB350DEE-5DA8-405F-9E05-6957B150C6FB}.Release|Any CPU.Build.0 = Release|Any CPU
		{703EE08F-A70F-475A-B10E-EC6E16D8EB71}.Debug|Any CPU.ActiveCfg = Debug|Any CPU
		{703EE08F-A70F-475A-B10E-EC6E16D8EB71}.Debug|Any CPU.Build.0 = Debug|Any CPU
		{703EE08F-A70F-475A-B10E-EC6E16D8EB71}.Release|Any CPU.ActiveCfg = Release|Any CPU
		{703EE08F-A70F-475A-B10E-EC6E16D8EB71}.Release|Any CPU.Build.0 = Release|Any CPU
		{3F82CF10-EF6E-4549-84E2-C72E68FAFC08}.Debug|Any CPU.ActiveCfg = Debug|Any CPU
		{3F82CF10-EF6E-4549-84E2-C72E68FAFC08}.Debug|Any CPU.Build.0 = Debug|Any CPU
		{3F82CF10-EF6E-4549-84E2-C72E68FAFC08}.Release|Any CPU.ActiveCfg = Release|Any CPU
		{3F82CF10-EF6E-4549-84E2-C72E68FAFC08}.Release|Any CPU.Build.0 = Release|Any CPU
		{26FC7BAA-0322-43EC-B05D-0D15E88A400F}.Debug|Any CPU.ActiveCfg = Debug|Any CPU
		{26FC7BAA-0322-43EC-B05D-0D15E88A400F}.Debug|Any CPU.Build.0 = Debug|Any CPU
		{26FC7BAA-0322-43EC-B05D-0D15E88A400F}.Release|Any CPU.ActiveCfg = Release|Any CPU
		{26FC7BAA-0322-43EC-B05D-0D15E88A400F}.Release|Any CPU.Build.0 = Release|Any CPU
	EndGlobalSection
	GlobalSection(SolutionProperties) = preSolution
		HideSolutionNode = FALSE
	EndGlobalSection
	GlobalSection(ExtensibilityGlobals) = postSolution
		SolutionGuid = {CFCD33DD-698A-4E6C-B3FB-DF9DE155477B}
	EndGlobalSection
EndGlobal
